// !$*UTF8*$!
{
	archiveVersion = 1;
	classes = {
	};
	objectVersion = 50;
	objects = {

/* Begin PBXBuildFile section */
		2ADFF7B725B2BB4000394388 /* AppDelegate.swift in Sources */ = {isa = PBXBuildFile; fileRef = 2ADFF7B625B2BB4000394388 /* AppDelegate.swift */; };
		2ADFF7B925B2BB4000394388 /* SceneDelegate.swift in Sources */ = {isa = PBXBuildFile; fileRef = 2ADFF7B825B2BB4000394388 /* SceneDelegate.swift */; };
		2ADFF7BB25B2BB4000394388 /* ViewController.swift in Sources */ = {isa = PBXBuildFile; fileRef = 2ADFF7BA25B2BB4000394388 /* ViewController.swift */; };
		2ADFF7BE25B2BB4000394388 /* Main.storyboard in Resources */ = {isa = PBXBuildFile; fileRef = 2ADFF7BC25B2BB4000394388 /* Main.storyboard */; };
		2ADFF7C025B2BB4100394388 /* Assets.xcassets in Resources */ = {isa = PBXBuildFile; fileRef = 2ADFF7BF25B2BB4100394388 /* Assets.xcassets */; };
		2ADFF7C325B2BB4100394388 /* LaunchScreen.storyboard in Resources */ = {isa = PBXBuildFile; fileRef = 2ADFF7C125B2BB4100394388 /* LaunchScreen.storyboard */; };
		2ADFF7CE25B2BB4100394388 /* PreworkTests.swift in Sources */ = {isa = PBXBuildFile; fileRef = 2ADFF7CD25B2BB4100394388 /* PreworkTests.swift */; };
		2ADFF7D925B2BB4100394388 /* PreworkUITests.swift in Sources */ = {isa = PBXBuildFile; fileRef = 2ADFF7D825B2BB4100394388 /* PreworkUITests.swift */; };
/* End PBXBuildFile section */

/* Begin PBXContainerItemProxy section */
		2ADFF7CA25B2BB4100394388 /* PBXContainerItemProxy */ = {
			isa = PBXContainerItemProxy;
			containerPortal = 2ADFF7AB25B2BB4000394388 /* Project object */;
			proxyType = 1;
			remoteGlobalIDString = 2ADFF7B225B2BB4000394388;
			remoteInfo = Prework;
		};
		2ADFF7D525B2BB4100394388 /* PBXContainerItemProxy */ = {
			isa = PBXContainerItemProxy;
			containerPortal = 2ADFF7AB25B2BB4000394388 /* Project object */;
			proxyType = 1;
			remoteGlobalIDString = 2ADFF7B225B2BB4000394388;
			remoteInfo = Prework;
		};
/* End PBXContainerItemProxy section */

/* Begin PBXFileReference section */
		2ADFF7B325B2BB4000394388 /* Prework.app */ = {isa = PBXFileReference; explicitFileType = wrapper.application; includeInIndex = 0; path = Prework.app; sourceTree = BUILT_PRODUCTS_DIR; };
		2ADFF7B625B2BB4000394388 /* AppDelegate.swift */ = {isa = PBXFileReference; lastKnownFileType = sourcecode.swift; path = AppDelegate.swift; sourceTree = "<group>"; };
		2ADFF7B825B2BB4000394388 /* SceneDelegate.swift */ = {isa = PBXFileReference; lastKnownFileType = sourcecode.swift; path = SceneDelegate.swift; sourceTree = "<group>"; };
		2ADFF7BA25B2BB4000394388 /* ViewController.swift */ = {isa = PBXFileReference; lastKnownFileType = sourcecode.swift; path = ViewController.swift; sourceTree = "<group>"; };
		2ADFF7BD25B2BB4000394388 /* Base */ = {isa = PBXFileReference; lastKnownFileType = file.storyboard; name = Base; path = Base.lproj/Main.storyboard; sourceTree = "<group>"; };
		2ADFF7BF25B2BB4100394388 /* Assets.xcassets */ = {isa = PBXFileReference; lastKnownFileType = folder.assetcatalog; path = Assets.xcassets; sourceTree = "<group>"; };
		2ADFF7C225B2BB4100394388 /* Base */ = {isa = PBXFileReference; lastKnownFileType = file.storyboard; name = Base; path = Base.lproj/LaunchScreen.storyboard; sourceTree = "<group>"; };
		2ADFF7C425B2BB4100394388 /* Info.plist */ = {isa = PBXFileReference; lastKnownFileType = text.plist.xml; path = Info.plist; sourceTree = "<group>"; };
		2ADFF7C925B2BB4100394388 /* PreworkTests.xctest */ = {isa = PBXFileReference; explicitFileType = wrapper.cfbundle; includeInIndex = 0; path = PreworkTests.xctest; sourceTree = BUILT_PRODUCTS_DIR; };
		2ADFF7CD25B2BB4100394388 /* PreworkTests.swift */ = {isa = PBXFileReference; lastKnownFileType = sourcecode.swift; path = PreworkTests.swift; sourceTree = "<group>"; };
		2ADFF7CF25B2BB4100394388 /* Info.plist */ = {isa = PBXFileReference; lastKnownFileType = text.plist.xml; path = Info.plist; sourceTree = "<group>"; };
		2ADFF7D425B2BB4100394388 /* PreworkUITests.xctest */ = {isa = PBXFileReference; explicitFileType = wrapper.cfbundle; includeInIndex = 0; path = PreworkUITests.xctest; sourceTree = BUILT_PRODUCTS_DIR; };
		2ADFF7D825B2BB4100394388 /* PreworkUITests.swift */ = {isa = PBXFileReference; lastKnownFileType = sourcecode.swift; path = PreworkUITests.swift; sourceTree = "<group>"; };
		2ADFF7DA25B2BB4100394388 /* Info.plist */ = {isa = PBXFileReference; lastKnownFileType = text.plist.xml; path = Info.plist; sourceTree = "<group>"; };
/* End PBXFileReference section */

/* Begin PBXFrameworksBuildPhase section */
		2ADFF7B025B2BB4000394388 /* Frameworks */ = {
			isa = PBXFrameworksBuildPhase;
			buildActionMask = 2147483647;
			files = (
			);
			runOnlyForDeploymentPostprocessing = 0;
		};
		2ADFF7C625B2BB4100394388 /* Frameworks */ = {
			isa = PBXFrameworksBuildPhase;
			buildActionMask = 2147483647;
			files = (
			);
			runOnlyForDeploymentPostprocessing = 0;
		};
		2ADFF7D125B2BB4100394388 /* Frameworks */ = {
			isa = PBXFrameworksBuildPhase;
			buildActionMask = 2147483647;
			files = (
			);
			runOnlyForDeploymentPostprocessing = 0;
		};
/* End PBXFrameworksBuildPhase section */

/* Begin PBXGroup section */
		2ADFF7AA25B2BB4000394388 = {
			isa = PBXGroup;
			children = (
				2ADFF7B525B2BB4000394388 /* Prework */,
				2ADFF7CC25B2BB4100394388 /* PreworkTests */,
				2ADFF7D725B2BB4100394388 /* PreworkUITests */,
				2ADFF7B425B2BB4000394388 /* Products */,
			);
			sourceTree = "<group>";
		};
		2ADFF7B425B2BB4000394388 /* Products */ = {
			isa = PBXGroup;
			children = (
				2ADFF7B325B2BB4000394388 /* Prework.app */,
				2ADFF7C925B2BB4100394388 /* PreworkTests.xctest */,
				2ADFF7D425B2BB4100394388 /* PreworkUITests.xctest */,
			);
			name = Products;
			sourceTree = "<group>";
		};
		2ADFF7B525B2BB4000394388 /* Prework */ = {
			isa = PBXGroup;
			children = (
				2ADFF7B625B2BB4000394388 /* AppDelegate.swift */,
				2ADFF7B825B2BB4000394388 /* SceneDelegate.swift */,
				2ADFF7BA25B2BB4000394388 /* ViewController.swift */,
				2ADFF7BC25B2BB4000394388 /* Main.storyboard */,
				2ADFF7BF25B2BB4100394388 /* Assets.xcassets */,
				2ADFF7C125B2BB4100394388 /* LaunchScreen.storyboard */,
				2ADFF7C425B2BB4100394388 /* Info.plist */,
			);
			path = Prework;
			sourceTree = "<group>";
		};
		2ADFF7CC25B2BB4100394388 /* PreworkTests */ = {
			isa = PBXGroup;
			children = (
				2ADFF7CD25B2BB4100394388 /* PreworkTests.swift */,
				2ADFF7CF25B2BB4100394388 /* Info.plist */,
			);
			path = PreworkTests;
			sourceTree = "<group>";
		};
		2ADFF7D725B2BB4100394388 /* PreworkUITests */ = {
			isa = PBXGroup;
			children = (
				2ADFF7D825B2BB4100394388 /* PreworkUITests.swift */,
				2ADFF7DA25B2BB4100394388 /* Info.plist */,
			);
			path = PreworkUITests;
			sourceTree = "<group>";
		};
/* End PBXGroup section */

/* Begin PBXNativeTarget section */
		2ADFF7B225B2BB4000394388 /* Prework */ = {
			isa = PBXNativeTarget;
			buildConfigurationList = 2ADFF7DD25B2BB4100394388 /* Build configuration list for PBXNativeTarget "Prework" */;
			buildPhases = (
				2ADFF7AF25B2BB4000394388 /* Sources */,
				2ADFF7B025B2BB4000394388 /* Frameworks */,
				2ADFF7B125B2BB4000394388 /* Resources */,
			);
			buildRules = (
			);
			dependencies = (
			);
			name = Prework;
			productName = Prework;
			productReference = 2ADFF7B325B2BB4000394388 /* Prework.app */;
			productType = "com.apple.product-type.application";
		};
		2ADFF7C825B2BB4100394388 /* PreworkTests */ = {
			isa = PBXNativeTarget;
			buildConfigurationList = 2ADFF7E025B2BB4100394388 /* Build configuration list for PBXNativeTarget "PreworkTests" */;
			buildPhases = (
				2ADFF7C525B2BB4100394388 /* Sources */,
				2ADFF7C625B2BB4100394388 /* Frameworks */,
				2ADFF7C725B2BB4100394388 /* Resources */,
			);
			buildRules = (
			);
			dependencies = (
				2ADFF7CB25B2BB4100394388 /* PBXTargetDependency */,
			);
			name = PreworkTests;
			productName = PreworkTests;
			productReference = 2ADFF7C925B2BB4100394388 /* PreworkTests.xctest */;
			productType = "com.apple.product-type.bundle.unit-test";
		};
		2ADFF7D325B2BB4100394388 /* PreworkUITests */ = {
			isa = PBXNativeTarget;
			buildConfigurationList = 2ADFF7E325B2BB4100394388 /* Build configuration list for PBXNativeTarget "PreworkUITests" */;
			buildPhases = (
				2ADFF7D025B2BB4100394388 /* Sources */,
				2ADFF7D125B2BB4100394388 /* Frameworks */,
				2ADFF7D225B2BB4100394388 /* Resources */,
			);
			buildRules = (
			);
			dependencies = (
				2ADFF7D625B2BB4100394388 /* PBXTargetDependency */,
			);
			name = PreworkUITests;
			productName = PreworkUITests;
			productReference = 2ADFF7D425B2BB4100394388 /* PreworkUITests.xctest */;
			productType = "com.apple.product-type.bundle.ui-testing";
		};
/* End PBXNativeTarget section */

/* Begin PBXProject section */
		2ADFF7AB25B2BB4000394388 /* Project object */ = {
			isa = PBXProject;
			attributes = {
				LastSwiftUpdateCheck = 1230;
				LastUpgradeCheck = 1230;
				TargetAttributes = {
					2ADFF7B225B2BB4000394388 = {
						CreatedOnToolsVersion = 12.3;
					};
					2ADFF7C825B2BB4100394388 = {
						CreatedOnToolsVersion = 12.3;
						TestTargetID = 2ADFF7B225B2BB4000394388;
					};
					2ADFF7D325B2BB4100394388 = {
						CreatedOnToolsVersion = 12.3;
						TestTargetID = 2ADFF7B225B2BB4000394388;
					};
				};
			};
			buildConfigurationList = 2ADFF7AE25B2BB4000394388 /* Build configuration list for PBXProject "Prework" */;
			compatibilityVersion = "Xcode 9.3";
			developmentRegion = en;
			hasScannedForEncodings = 0;
			knownRegions = (
				en,
				Base,
			);
			mainGroup = 2ADFF7AA25B2BB4000394388;
			productRefGroup = 2ADFF7B425B2BB4000394388 /* Products */;
			projectDirPath = "";
			projectRoot = "";
			targets = (
				2ADFF7B225B2BB4000394388 /* Prework */,
				2ADFF7C825B2BB4100394388 /* PreworkTests */,
				2ADFF7D325B2BB4100394388 /* PreworkUITests */,
			);
		};
/* End PBXProject section */

/* Begin PBXResourcesBuildPhase section */
		2ADFF7B125B2BB4000394388 /* Resources */ = {
			isa = PBXResourcesBuildPhase;
			buildActionMask = 2147483647;
			files = (
				2ADFF7C325B2BB4100394388 /* LaunchScreen.storyboard in Resources */,
				2ADFF7C025B2BB4100394388 /* Assets.xcassets in Resources */,
				2ADFF7BE25B2BB4000394388 /* Main.storyboard in Resources */,
			);
			runOnlyForDeploymentPostprocessing = 0;
		};
		2ADFF7C725B2BB4100394388 /* Resources */ = {
			isa = PBXResourcesBuildPhase;
			buildActionMask = 2147483647;
			files = (
			);
			runOnlyForDeploymentPostprocessing = 0;
		};
		2ADFF7D225B2BB4100394388 /* Resources */ = {
			isa = PBXResourcesBuildPhase;
			buildActionMask = 2147483647;
			files = (
			);
			runOnlyForDeploymentPostprocessing = 0;
		};
/* End PBXResourcesBuildPhase section */

/* Begin PBXSourcesBuildPhase section */
		2ADFF7AF25B2BB4000394388 /* Sources */ = {
			isa = PBXSourcesBuildPhase;
			buildActionMask = 2147483647;
			files = (
				2ADFF7BB25B2BB4000394388 /* ViewController.swift in Sources */,
				2ADFF7B725B2BB4000394388 /* AppDelegate.swift in Sources */,
				2ADFF7B925B2BB4000394388 /* SceneDelegate.swift in Sources */,
			);
			runOnlyForDeploymentPostprocessing = 0;
		};
		2ADFF7C525B2BB4100394388 /* Sources */ = {
			isa = PBXSourcesBuildPhase;
			buildActionMask = 2147483647;
			files = (
				2ADFF7CE25B2BB4100394388 /* PreworkTests.swift in Sources */,
			);
			runOnlyForDeploymentPostprocessing = 0;
		};
		2ADFF7D025B2BB4100394388 /* Sources */ = {
			isa = PBXSourcesBuildPhase;
			buildActionMask = 2147483647;
			files = (
				2ADFF7D925B2BB4100394388 /* PreworkUITests.swift in Sources */,
			);
			runOnlyForDeploymentPostprocessing = 0;
		};
/* End PBXSourcesBuildPhase section */

/* Begin PBXTargetDependency section */
		2ADFF7CB25B2BB4100394388 /* PBXTargetDependency */ = {
			isa = PBXTargetDependency;
			target = 2ADFF7B225B2BB4000394388 /* Prework */;
			targetProxy = 2ADFF7CA25B2BB4100394388 /* PBXContainerItemProxy */;
		};
		2ADFF7D625B2BB4100394388 /* PBXTargetDependency */ = {
			isa = PBXTargetDependency;
			target = 2ADFF7B225B2BB4000394388 /* Prework */;
			targetProxy = 2ADFF7D525B2BB4100394388 /* PBXContainerItemProxy */;
		};
/* End PBXTargetDependency section */

/* Begin PBXVariantGroup section */
		2ADFF7BC25B2BB4000394388 /* Main.storyboard */ = {
			isa = PBXVariantGroup;
			children = (
				2ADFF7BD25B2BB4000394388 /* Base */,
			);
			name = Main.storyboard;
			sourceTree = "<group>";
		};
		2ADFF7C125B2BB4100394388 /* LaunchScreen.storyboard */ = {
			isa = PBXVariantGroup;
			children = (
				2ADFF7C225B2BB4100394388 /* Base */,
			);
			name = LaunchScreen.storyboard;
			sourceTree = "<group>";
		};
/* End PBXVariantGroup section */

/* Begin XCBuildConfiguration section */
		2ADFF7DB25B2BB4100394388 /* Debug */ = {
			isa = XCBuildConfiguration;
			buildSettings = {
				ALWAYS_SEARCH_USER_PATHS = NO;
				CLANG_ANALYZER_NONNULL = YES;
				CLANG_ANALYZER_NUMBER_OBJECT_CONVERSION = YES_AGGRESSIVE;
				CLANG_CXX_LANGUAGE_STANDARD = "gnu++14";
				CLANG_CXX_LIBRARY = "libc++";
				CLANG_ENABLE_MODULES = YES;
				CLANG_ENABLE_OBJC_ARC = YES;
				CLANG_ENABLE_OBJC_WEAK = YES;
				CLANG_WARN_BLOCK_CAPTURE_AUTORELEASING = YES;
				CLANG_WARN_BOOL_CONVERSION = YES;
				CLANG_WARN_COMMA = YES;
				CLANG_WARN_CONSTANT_CONVERSION = YES;
				CLANG_WARN_DEPRECATED_OBJC_IMPLEMENTATIONS = YES;
				CLANG_WARN_DIRECT_OBJC_ISA_USAGE = YES_ERROR;
				CLANG_WARN_DOCUMENTATION_COMMENTS = YES;
				CLANG_WARN_EMPTY_BODY = YES;
				CLANG_WARN_ENUM_CONVERSION = YES;
				CLANG_WARN_INFINITE_RECURSION = YES;
				CLANG_WARN_INT_CONVERSION = YES;
				CLANG_WARN_NON_LITERAL_NULL_CONVERSION = YES;
				CLANG_WARN_OBJC_IMPLICIT_RETAIN_SELF = YES;
				CLANG_WARN_OBJC_LITERAL_CONVERSION = YES;
				CLANG_WARN_OBJC_ROOT_CLASS = YES_ERROR;
				CLANG_WARN_QUOTED_INCLUDE_IN_FRAMEWORK_HEADER = YES;
				CLANG_WARN_RANGE_LOOP_ANALYSIS = YES;
				CLANG_WARN_STRICT_PROTOTYPES = YES;
				CLANG_WARN_SUSPICIOUS_MOVE = YES;
				CLANG_WARN_UNGUARDED_AVAILABILITY = YES_AGGRESSIVE;
				CLANG_WARN_UNREACHABLE_CODE = YES;
				CLANG_WARN__DUPLICATE_METHOD_MATCH = YES;
				COPY_PHASE_STRIP = NO;
				DEBUG_INFORMATION_FORMAT = dwarf;
				ENABLE_STRICT_OBJC_MSGSEND = YES;
				ENABLE_TESTABILITY = YES;
				GCC_C_LANGUAGE_STANDARD = gnu11;
				GCC_DYNAMIC_NO_PIC = NO;
				GCC_NO_COMMON_BLOCKS = YES;
				GCC_OPTIMIZATION_LEVEL = 0;
				GCC_PREPROCESSOR_DEFINITIONS = (
					"DEBUG=1",
					"$(inherited)",
				);
				GCC_WARN_64_TO_32_BIT_CONVERSION = YES;
				GCC_WARN_ABOUT_RETURN_TYPE = YES_ERROR;
				GCC_WARN_UNDECLARED_SELECTOR = YES;
				GCC_WARN_UNINITIALIZED_AUTOS = YES_AGGRESSIVE;
				GCC_WARN_UNUSED_FUNCTION = YES;
				GCC_WARN_UNUSED_VARIABLE = YES;
				IPHONEOS_DEPLOYMENT_TARGET = 14.3;
				MTL_ENABLE_DEBUG_INFO = INCLUDE_SOURCE;
				MTL_FAST_MATH = YES;
				ONLY_ACTIVE_ARCH = YES;
				SDKROOT = iphoneos;
				SWIFT_ACTIVE_COMPILATION_CONDITIONS = DEBUG;
				SWIFT_OPTIMIZATION_LEVEL = "-Onone";
			};
			name = Debug;
		};
		2ADFF7DC25B2BB4100394388 /* Release */ = {
			isa = XCBuildConfiguration;
			buildSettings = {
				ALWAYS_SEARCH_USER_PATHS = NO;
				CLANG_ANALYZER_NONNULL = YES;
				CLANG_ANALYZER_NUMBER_OBJECT_CONVERSION = YES_AGGRESSIVE;
				CLANG_CXX_LANGUAGE_STANDARD = "gnu++14";
				CLANG_CXX_LIBRARY = "libc++";
				CLANG_ENABLE_MODULES = YES;
				CLANG_ENABLE_OBJC_ARC = YES;
				CLANG_ENABLE_OBJC_WEAK = YES;
				CLANG_WARN_BLOCK_CAPTURE_AUTORELEASING = YES;
				CLANG_WARN_BOOL_CONVERSION = YES;
				CLANG_WARN_COMMA = YES;
				CLANG_WARN_CONSTANT_CONVERSION = YES;
				CLANG_WARN_DEPRECATED_OBJC_IMPLEMENTATIONS = YES;
				CLANG_WARN_DIRECT_OBJC_ISA_USAGE = YES_ERROR;
				CLANG_WARN_DOCUMENTATION_COMMENTS = YES;
				CLANG_WARN_EMPTY_BODY = YES;
				CLANG_WARN_ENUM_CONVERSION = YES;
				CLANG_WARN_INFINITE_RECURSION = YES;
				CLANG_WARN_INT_CONVERSION = YES;
				CLANG_WARN_NON_LITERAL_NULL_CONVERSION = YES;
				CLANG_WARN_OBJC_IMPLICIT_RETAIN_SELF = YES;
				CLANG_WARN_OBJC_LITERAL_CONVERSION = YES;
				CLANG_WARN_OBJC_ROOT_CLASS = YES_ERROR;
				CLANG_WARN_QUOTED_INCLUDE_IN_FRAMEWORK_HEADER = YES;
				CLANG_WARN_RANGE_LOOP_ANALYSIS = YES;
				CLANG_WARN_STRICT_PROTOTYPES = YES;
				CLANG_WARN_SUSPICIOUS_MOVE = YES;
				CLANG_WARN_UNGUARDED_AVAILABILITY = YES_AGGRESSIVE;
				CLANG_WARN_UNREACHABLE_CODE = YES;
				CLANG_WARN__DUPLICATE_METHOD_MATCH = YES;
				COPY_PHASE_STRIP = NO;
				DEBUG_INFORMATION_FORMAT = "dwarf-with-dsym";
				ENABLE_NS_ASSERTIONS = NO;
				ENABLE_STRICT_OBJC_MSGSEND = YES;
				GCC_C_LANGUAGE_STANDARD = gnu11;
				GCC_NO_COMMON_BLOCKS = YES;
				GCC_WARN_64_TO_32_BIT_CONVERSION = YES;
				GCC_WARN_ABOUT_RETURN_TYPE = YES_ERROR;
				GCC_WARN_UNDECLARED_SELECTOR = YES;
				GCC_WARN_UNINITIALIZED_AUTOS = YES_AGGRESSIVE;
				GCC_WARN_UNUSED_FUNCTION = YES;
				GCC_WARN_UNUSED_VARIABLE = YES;
				IPHONEOS_DEPLOYMENT_TARGET = 14.3;
				MTL_ENABLE_DEBUG_INFO = NO;
				MTL_FAST_MATH = YES;
				SDKROOT = iphoneos;
				SWIFT_COMPILATION_MODE = wholemodule;
				SWIFT_OPTIMIZATION_LEVEL = "-O";
				VALIDATE_PRODUCT = YES;
			};
			name = Release;
		};
		2ADFF7DE25B2BB4100394388 /* Debug */ = {
			isa = XCBuildConfiguration;
			buildSettings = {
				ASSETCATALOG_COMPILER_APPICON_NAME = AppIcon;
				ASSETCATALOG_COMPILER_GLOBAL_ACCENT_COLOR_NAME = AccentColor;
				CODE_SIGN_STYLE = Automatic;
				INFOPLIST_FILE = Prework/Info.plist;
				LD_RUNPATH_SEARCH_PATHS = (
					"$(inherited)",
					"@executable_path/Frameworks",
				);
				PRODUCT_BUNDLE_IDENTIFIER = memo.com.Prework;
				PRODUCT_NAME = "$(TARGET_NAME)";
				SWIFT_VERSION = 5.0;
				TARGETED_DEVICE_FAMILY = "1,2";
			};
			name = Debug;
		};
		2ADFF7DF25B2BB4100394388 /* Release */ = {
			isa = XCBuildConfiguration;
			buildSettings = {
				ASSETCATALOG_COMPILER_APPICON_NAME = AppIcon;
				ASSETCATALOG_COMPILER_GLOBAL_ACCENT_COLOR_NAME = AccentColor;
				CODE_SIGN_STYLE = Automatic;
				INFOPLIST_FILE = Prework/Info.plist;
				LD_RUNPATH_SEARCH_PATHS = (
					"$(inherited)",
					"@executable_path/Frameworks",
				);
				PRODUCT_BUNDLE_IDENTIFIER = memo.com.Prework;
				PRODUCT_NAME = "$(TARGET_NAME)";
				SWIFT_VERSION = 5.0;
				TARGETED_DEVICE_FAMILY = "1,2";
			};
			name = Release;
		};
		2ADFF7E125B2BB4100394388 /* Debug */ = {
			isa = XCBuildConfiguration;
			buildSettings = {
				ALWAYS_EMBED_SWIFT_STANDARD_LIBRARIES = YES;
				BUNDLE_LOADER = "$(TEST_HOST)";
				CODE_SIGN_STYLE = Automatic;
				INFOPLIST_FILE = PreworkTests/Info.plist;
				IPHONEOS_DEPLOYMENT_TARGET = 14.3;
				LD_RUNPATH_SEARCH_PATHS = (
					"$(inherited)",
					"@executable_path/Frameworks",
					"@loader_path/Frameworks",
				);
				PRODUCT_BUNDLE_IDENTIFIER = memo.com.PreworkTests;
				PRODUCT_NAME = "$(TARGET_NAME)";
				SWIFT_VERSION = 5.0;
				TARGETED_DEVICE_FAMILY = "1,2";
				TEST_HOST = "$(BUILT_PRODUCTS_DIR)/Prework.app/Prework";
			};
			name = Debug;
		};
		2ADFF7E225B2BB4100394388 /* Release */ = {
			isa = XCBuildConfiguration;
			buildSettings = {
				ALWAYS_EMBED_SWIFT_STANDARD_LIBRARIES = YES;
				BUNDLE_LOADER = "$(TEST_HOST)";
				CODE_SIGN_STYLE = Automatic;
				INFOPLIST_FILE = PreworkTests/Info.plist;
				IPHONEOS_DEPLOYMENT_TARGET = 14.3;
				LD_RUNPATH_SEARCH_PATHS = (
					"$(inherited)",
					"@executable_path/Frameworks",
					"@loader_path/Frameworks",
				);
				PRODUCT_BUNDLE_IDENTIFIER = memo.com.PreworkTests;
				PRODUCT_NAME = "$(TARGET_NAME)";
				SWIFT_VERSION = 5.0;
				TARGETED_DEVICE_FAMILY = "1,2";
				TEST_HOST = "$(BUILT_PRODUCTS_DIR)/Prework.app/Prework";
			};
			name = Release;
		};
		2ADFF7E425B2BB4100394388 /* Debug */ = {
			isa = XCBuildConfiguration;
			buildSettings = {
				ALWAYS_EMBED_SWIFT_STANDARD_LIBRARIES = YES;
				CODE_SIGN_STYLE = Automatic;
				INFOPLIST_FILE = PreworkUITests/Info.plist;
				LD_RUNPATH_SEARCH_PATHS = (
					"$(inherited)",
					"@executable_path/Frameworks",
					"@loader_path/Frameworks",
				);
				PRODUCT_BUNDLE_IDENTIFIER = memo.com.PreworkUITests;
				PRODUCT_NAME = "$(TARGET_NAME)";
				SWIFT_VERSION = 5.0;
				TARGETED_DEVICE_FAMILY = "1,2";
				TEST_TARGET_NAME = Prework;
			};
			name = Debug;
		};
		2ADFF7E525B2BB4100394388 /* Release */ = {
			isa = XCBuildConfiguration;
			buildSettings = {
				ALWAYS_EMBED_SWIFT_STANDARD_LIBRARIES = YES;
				CODE_SIGN_STYLE = Automatic;
				INFOPLIST_FILE = PreworkUITests/Info.plist;
				LD_RUNPATH_SEARCH_PATHS = (
					"$(inherited)",
					"@executable_path/Frameworks",
					"@loader_path/Frameworks",
				);
				PRODUCT_BUNDLE_IDENTIFIER = memo.com.PreworkUITests;
				PRODUCT_NAME = "$(TARGET_NAME)";
				SWIFT_VERSION = 5.0;
				TARGETED_DEVICE_FAMILY = "1,2";
				TEST_TARGET_NAME = Prework;
			};
			name = Release;
		};
/* End XCBuildConfiguration section */

/* Begin XCConfigurationList section */
		2ADFF7AE25B2BB4000394388 /* Build configuration list for PBXProject "Prework" */ = {
			isa = XCConfigurationList;
			buildConfigurations = (
				2ADFF7DB25B2BB4100394388 /* Debug */,
				2ADFF7DC25B2BB4100394388 /* Release */,
			);
			defaultConfigurationIsVisible = 0;
			defaultConfigurationName = Release;
		};
		2ADFF7DD25B2BB4100394388 /* Build configuration list for PBXNativeTarget "Prework" */ = {
			isa = XCConfigurationList;
			buildConfigurations = (
				2ADFF7DE25B2BB4100394388 /* Debug */,
				2ADFF7DF25B2BB4100394388 /* Release */,
			);
			defaultConfigurationIsVisible = 0;
			defaultConfigurationName = Release;
		};
		2ADFF7E025B2BB4100394388 /* Build configuration list for PBXNativeTarget "PreworkTests" */ = {
			isa = XCConfigurationList;
			buildConfigurations = (
				2ADFF7E125B2BB4100394388 /* Debug */,
				2ADFF7E225B2BB4100394388 /* Release */,
			);
			defaultConfigurationIsVisible = 0;
			defaultConfigurationName = Release;
		};
		2ADFF7E325B2BB4100394388 /* Build configuration list for PBXNativeTarget "PreworkUITests" */ = {
			isa = XCConfigurationList;
			buildConfigurations = (
				2ADFF7E425B2BB4100394388 /* Debug */,
				2ADFF7E525B2BB4100394388 /* Release */,
			);
			defaultConfigurationIsVisible = 0;
			defaultConfigurationName = Release;
		};
/* End XCConfigurationList section */
	};
	rootObject = 2ADFF7AB25B2BB4000394388 /* Project object */;
}
